
Microsoft Visual Studio Solution File, Format Version 12.00
# Visual Studio Version 16
VisualStudioVersion = 16.0.30503.244
MinimumVisualStudioVersion = 10.0.40219.1
Project("{FAE04EC0-301F-11D3-BF4B-00C04F79EFBC}") = "Eye Implants toggle", "Eye Implants toggle\Eye Implants toggle.csproj", "{B7695120-5161-4DD8-91A3-B9EB541AB95B}"
EndProject
Global
	GlobalSection(SolutionConfigurationPlatforms) = preSolution
		Debug|Any CPU = Debug|Any CPU
		Release|Any CPU = Release|Any CPU
	EndGlobalSection
	GlobalSection(ProjectConfigurationPlatforms) = postSolution
		{B7695120-5161-4DD8-91A3-B9EB541AB95B}.Debug|Any CPU.ActiveCfg = Debug|Any CPU
		{B7695120-5161-4DD8-91A3-B9EB541AB95B}.Debug|Any CPU.Build.0 = Debug|Any CPU
		{B7695120-5161-4DD8-91A3-B9EB541AB95B}.Release|Any CPU.ActiveCfg = Release|Any CPU
		{B7695120-5161-4DD8-91A3-B9EB541AB95B}.Release|Any CPU.Build.0 = Release|Any CPU
	EndGlobalSection
	GlobalSection(SolutionProperties) = preSolution
		HideSolutionNode = FALSE
	EndGlobalSection
	GlobalSection(ExtensibilityGlobals) = postSolution
		SolutionGuid = {B555307F-C10B-4F0A-BA24-0D7CACBCC939}
	EndGlobalSection
EndGlobal
